
Microsoft Visual Studio Solution File, Format Version 12.00
# Visual Studio 15
VisualStudioVersion = 15.0.28307.1082
MinimumVisualStudioVersion = 10.0.40219.1
Project("{FAE04EC0-301F-11D3-BF4B-00C04F79EFBC}") = "PL1G06.Minesweeper.Winform", "PL1G06.Minesweeper.Winform\PL1G06.Minesweeper.Winform.csproj", "{9083B5D0-311C-42CE-8217-12DD365AA097}"
EndProject
Project("{9A19103F-16F7-4668-BE54-9A1E7A4F7556}") = "PL1G06.Minesweeper.Common", "PL1G06.Minesweeper.Common\PL1G06.Minesweeper.Common.csproj", "{85949C92-1869-4FB7-A904-9F14CA20026D}"
EndProject
Project("{FAE04EC0-301F-11D3-BF4B-00C04F79EFBC}") = "PL1G06.Minesweeper.UWP", "PL1G06.Minesweeper.UWP\PL1G06.Minesweeper.UWP.csproj", "{CEE8F5C4-0A83-4FBB-B08B-B9D650F38DB1}"
EndProject
Global
	GlobalSection(SolutionConfigurationPlatforms) = preSolution
		Debug|Any CPU = Debug|Any CPU
		Debug|ARM = Debug|ARM
		Debug|ARM64 = Debug|ARM64
		Debug|x64 = Debug|x64
		Debug|x86 = Debug|x86
		Release|Any CPU = Release|Any CPU
		Release|ARM = Release|ARM
		Release|ARM64 = Release|ARM64
		Release|x64 = Release|x64
		Release|x86 = Release|x86
	EndGlobalSection
	GlobalSection(ProjectConfigurationPlatforms) = postSolution
		{9083B5D0-311C-42CE-8217-12DD365AA097}.Debug|Any CPU.ActiveCfg = Debug|Any CPU
		{9083B5D0-311C-42CE-8217-12DD365AA097}.Debug|Any CPU.Build.0 = Debug|Any CPU
		{9083B5D0-311C-42CE-8217-12DD365AA097}.Debug|ARM.ActiveCfg = Debug|Any CPU
		{9083B5D0-311C-42CE-8217-12DD365AA097}.Debug|ARM.Build.0 = Debug|Any CPU
		{9083B5D0-311C-42CE-8217-12DD365AA097}.Debug|ARM64.ActiveCfg = Debug|Any CPU
		{9083B5D0-311C-42CE-8217-12DD365AA097}.Debug|ARM64.Build.0 = Debug|Any CPU
		{9083B5D0-311C-42CE-8217-12DD365AA097}.Debug|x64.ActiveCfg = Debug|Any CPU
		{9083B5D0-311C-42CE-8217-12DD365AA097}.Debug|x64.Build.0 = Debug|Any CPU
		{9083B5D0-311C-42CE-8217-12DD365AA097}.Debug|x86.ActiveCfg = Debug|Any CPU
		{9083B5D0-311C-42CE-8217-12DD365AA097}.Debug|x86.Build.0 = Debug|Any CPU
		{9083B5D0-311C-42CE-8217-12DD365AA097}.Release|Any CPU.ActiveCfg = Release|Any CPU
		{9083B5D0-311C-42CE-8217-12DD365AA097}.Release|Any CPU.Build.0 = Release|Any CPU
		{9083B5D0-311C-42CE-8217-12DD365AA097}.Release|ARM.ActiveCfg = Release|Any CPU
		{9083B5D0-311C-42CE-8217-12DD365AA097}.Release|ARM.Build.0 = Release|Any CPU
		{9083B5D0-311C-42CE-8217-12DD365AA097}.Release|ARM64.ActiveCfg = Release|Any CPU
		{9083B5D0-311C-42CE-8217-12DD365AA097}.Release|ARM64.Build.0 = Release|Any CPU
		{9083B5D0-311C-42CE-8217-12DD365AA097}.Release|x64.ActiveCfg = Release|Any CPU
		{9083B5D0-311C-42CE-8217-12DD365AA097}.Release|x64.Build.0 = Release|Any CPU
		{9083B5D0-311C-42CE-8217-12DD365AA097}.Release|x86.ActiveCfg = Release|Any CPU
		{9083B5D0-311C-42CE-8217-12DD365AA097}.Release|x86.Build.0 = Release|Any CPU
		{85949C92-1869-4FB7-A904-9F14CA20026D}.Debug|Any CPU.ActiveCfg = Debug|Any CPU
		{85949C92-1869-4FB7-A904-9F14CA20026D}.Debug|Any CPU.Build.0 = Debug|Any CPU
		{85949C92-1869-4FB7-A904-9F14CA20026D}.Debug|ARM.ActiveCfg = Debug|Any CPU
		{85949C92-1869-4FB7-A904-9F14CA20026D}.Debug|ARM.Build.0 = Debug|Any CPU
		{85949C92-1869-4FB7-A904-9F14CA20026D}.Debug|ARM64.ActiveCfg = Debug|Any CPU
		{85949C92-1869-4FB7-A904-9F14CA20026D}.Debug|ARM64.Build.0 = Debug|Any CPU
		{85949C92-1869-4FB7-A904-9F14CA20026D}.Debug|x64.ActiveCfg = Debug|Any CPU
		{85949C92-1869-4FB7-A904-9F14CA20026D}.Debug|x64.Build.0 = Debug|Any CPU
		{85949C92-1869-4FB7-A904-9F14CA20026D}.Debug|x86.ActiveCfg = Debug|Any CPU
		{85949C92-1869-4FB7-A904-9F14CA20026D}.Debug|x86.Build.0 = Debug|Any CPU
		{85949C92-1869-4FB7-A904-9F14CA20026D}.Release|Any CPU.ActiveCfg = Release|Any CPU
		{85949C92-1869-4FB7-A904-9F14CA20026D}.Release|Any CPU.Build.0 = Release|Any CPU
		{85949C92-1869-4FB7-A904-9F14CA20026D}.Release|ARM.ActiveCfg = Release|Any CPU
		{85949C92-1869-4FB7-A904-9F14CA20026D}.Release|ARM.Build.0 = Release|Any CPU
		{85949C92-1869-4FB7-A904-9F14CA20026D}.Release|ARM64.ActiveCfg = Release|Any CPU
		{85949C92-1869-4FB7-A904-9F14CA20026D}.Release|ARM64.Build.0 = Release|Any CPU
		{85949C92-1869-4FB7-A904-9F14CA20026D}.Release|x64.ActiveCfg = Release|Any CPU
		{85949C92-1869-4FB7-A904-9F14CA20026D}.Release|x64.Build.0 = Release|Any CPU
		{85949C92-1869-4FB7-A904-9F14CA20026D}.Release|x86.ActiveCfg = Release|Any CPU
		{85949C92-1869-4FB7-A904-9F14CA20026D}.Release|x86.Build.0 = Release|Any CPU
		{CEE8F5C4-0A83-4FBB-B08B-B9D650F38DB1}.Debug|Any CPU.ActiveCfg = Debug|x86
		{CEE8F5C4-0A83-4FBB-B08B-B9D650F38DB1}.Debug|ARM.ActiveCfg = Debug|ARM
		{CEE8F5C4-0A83-4FBB-B08B-B9D650F38DB1}.Debug|ARM.Build.0 = Debug|ARM
		{CEE8F5C4-0A83-4FBB-B08B-B9D650F38DB1}.Debug|ARM.Deploy.0 = Debug|ARM
		{CEE8F5C4-0A83-4FBB-B08B-B9D650F38DB1}.Debug|ARM64.ActiveCfg = Debug|ARM64
		{CEE8F5C4-0A83-4FBB-B08B-B9D650F38DB1}.Debug|ARM64.Build.0 = Debug|ARM64
		{CEE8F5C4-0A83-4FBB-B08B-B9D650F38DB1}.Debug|ARM64.Deploy.0 = Debug|ARM64
		{CEE8F5C4-0A83-4FBB-B08B-B9D650F38DB1}.Debug|x64.ActiveCfg = Debug|x64
		{CEE8F5C4-0A83-4FBB-B08B-B9D650F38DB1}.Debug|x64.Build.0 = Debug|x64
		{CEE8F5C4-0A83-4FBB-B08B-B9D650F38DB1}.Debug|x64.Deploy.0 = Debug|x64
		{CEE8F5C4-0A83-4FBB-B08B-B9D650F38DB1}.Debug|x86.ActiveCfg = Debug|x86
		{CEE8F5C4-0A83-4FBB-B08B-B9D650F38DB1}.Debug|x86.Build.0 = Debug|x86
		{CEE8F5C4-0A83-4FBB-B08B-B9D650F38DB1}.Debug|x86.Deploy.0 = Debug|x86
		{CEE8F5C4-0A83-4FBB-B08B-B9D650F38DB1}.Release|Any CPU.ActiveCfg = Release|x86
		{CEE8F5C4-0A83-4FBB-B08B-B9D650F38DB1}.Release|ARM.ActiveCfg = Release|ARM
		{CEE8F5C4-0A83-4FBB-B08B-B9D650F38DB1}.Release|ARM.Build.0 = Release|ARM
		{CEE8F5C4-0A83-4FBB-B08B-B9D650F38DB1}.Release|ARM.Deploy.0 = Release|ARM
		{CEE8F5C4-0A83-4FBB-B08B-B9D650F38DB1}.Release|ARM64.ActiveCfg = Release|ARM64
		{CEE8F5C4-0A83-4FBB-B08B-B9D650F38DB1}.Release|ARM64.Build.0 = Release|ARM64
		{CEE8F5C4-0A83-4FBB-B08B-B9D650F38DB1}.Release|ARM64.Deploy.0 = Release|ARM64
		{CEE8F5C4-0A83-4FBB-B08B-B9D650F38DB1}.Release|x64.ActiveCfg = Release|x64
		{CEE8F5C4-0A83-4FBB-B08B-B9D650F38DB1}.Release|x64.Build.0 = Release|x64
		{CEE8F5C4-0A83-4FBB-B08B-B9D650F38DB1}.Release|x64.Deploy.0 = Release|x64
		{CEE8F5C4-0A83-4FBB-B08B-B9D650F38DB1}.Release|x86.ActiveCfg = Release|x86
		{CEE8F5C4-0A83-4FBB-B08B-B9D650F38DB1}.Release|x86.Build.0 = Release|x86
		{CEE8F5C4-0A83-4FBB-B08B-B9D650F38DB1}.Release|x86.Deploy.0 = Release|x86
	EndGlobalSection
	GlobalSection(SolutionProperties) = preSolution
		HideSolutionNode = FALSE
	EndGlobalSection
	GlobalSection(ExtensibilityGlobals) = postSolution
		SolutionGuid = {BB11993D-A634-45C8-B09E-11B6E0017E6F}
	EndGlobalSection
EndGlobal
